{
  "version": 4,
  "terraform_version": "1.6.0",
  "serial": 1,
  "lineage": "b717725e-dbf9-fb1d-0123-ce1c80f87d97",
  "outputs": {},
  "resources": [
    {
      "mode": "managed",
      "type": "minio_s3_bucket",
      "name": "example",
      "provider": "provider[\"registry.terraform.io/aminueza/minio\"]",
      "instances": [
        {
          "schema_version": 0,
          "attributes": {
            "acl": "public",
            "arn": "arn:aws:s3:::mybucket",
            "bucket": "mybucket",
            "bucket_domain_name": "http://localhost:9000/minio/mybucket",
            "bucket_prefix": null,
            "force_destroy": false,
            "id": "mybucket",
            "object_locking": false,
            "quota": null
          },
          "sensitive_attributes": [],
          "private": "bnVsbA=="
        }
      ]
    }
  ],
  "check_results": null
}
